// !$*UTF8*$!
{
	archiveVersion = 1;
	classes = {
	};
	objectVersion = 50;
	objects = {

/* Begin PBXBuildFile section */
		22D7F8CE24272D9E00F303F6 /* AppDelegate.swift in Sources */ = {isa = PBXBuildFile; fileRef = 22D7F8CD24272D9E00F303F6 /* AppDelegate.swift */; };
		22D7F8D024272D9E00F303F6 /* SceneDelegate.swift in Sources */ = {isa = PBXBuildFile; fileRef = 22D7F8CF24272D9E00F303F6 /* SceneDelegate.swift */; };
		22D7F8D224272D9E00F303F6 /* ViewController.swift in Sources */ = {isa = PBXBuildFile; fileRef = 22D7F8D124272D9E00F303F6 /* ViewController.swift */; };
		22D7F8D524272D9E00F303F6 /* Main.storyboard in Resources */ = {isa = PBXBuildFile; fileRef = 22D7F8D324272D9E00F303F6 /* Main.storyboard */; };
		22D7F8D724272DA100F303F6 /* Assets.xcassets in Resources */ = {isa = PBXBuildFile; fileRef = 22D7F8D624272DA100F303F6 /* Assets.xcassets */; };
		22D7F8DA24272DA100F303F6 /* LaunchScreen.storyboard in Resources */ = {isa = PBXBuildFile; fileRef = 22D7F8D824272DA100F303F6 /* LaunchScreen.storyboard */; };
		22D7F8E524272DA100F303F6 /* Banana_NotesTests.swift in Sources */ = {isa = PBXBuildFile; fileRef = 22D7F8E424272DA100F303F6 /* Banana_NotesTests.swift */; };
		22D7F8F024272DA200F303F6 /* Banana_NotesUITests.swift in Sources */ = {isa = PBXBuildFile; fileRef = 22D7F8EF24272DA200F303F6 /* Banana_NotesUITests.swift */; };
		22D7F8FE24274CFD00F303F6 /* Login.storyboard in Resources */ = {isa = PBXBuildFile; fileRef = 22D7F8FD24274CFD00F303F6 /* Login.storyboard */; };
/* End PBXBuildFile section */

/* Begin PBXContainerItemProxy section */
		22D7F8E124272DA100F303F6 /* PBXContainerItemProxy */ = {
			isa = PBXContainerItemProxy;
			containerPortal = 22D7F8C224272D9E00F303F6 /* Project object */;
			proxyType = 1;
			remoteGlobalIDString = 22D7F8C924272D9E00F303F6;
			remoteInfo = "Banana Notes";
		};
		22D7F8EC24272DA100F303F6 /* PBXContainerItemProxy */ = {
			isa = PBXContainerItemProxy;
			containerPortal = 22D7F8C224272D9E00F303F6 /* Project object */;
			proxyType = 1;
			remoteGlobalIDString = 22D7F8C924272D9E00F303F6;
			remoteInfo = "Banana Notes";
		};
/* End PBXContainerItemProxy section */

/* Begin PBXFileReference section */
		22D7F8CA24272D9E00F303F6 /* Banana Notes.app */ = {isa = PBXFileReference; explicitFileType = wrapper.application; includeInIndex = 0; path = "Banana Notes.app"; sourceTree = BUILT_PRODUCTS_DIR; };
		22D7F8CD24272D9E00F303F6 /* AppDelegate.swift */ = {isa = PBXFileReference; lastKnownFileType = sourcecode.swift; path = AppDelegate.swift; sourceTree = "<group>"; };
		22D7F8CF24272D9E00F303F6 /* SceneDelegate.swift */ = {isa = PBXFileReference; lastKnownFileType = sourcecode.swift; path = SceneDelegate.swift; sourceTree = "<group>"; };
		22D7F8D124272D9E00F303F6 /* ViewController.swift */ = {isa = PBXFileReference; lastKnownFileType = sourcecode.swift; path = ViewController.swift; sourceTree = "<group>"; };
		22D7F8D424272D9E00F303F6 /* Base */ = {isa = PBXFileReference; lastKnownFileType = file.storyboard; name = Base; path = Base.lproj/Main.storyboard; sourceTree = "<group>"; };
		22D7F8D624272DA100F303F6 /* Assets.xcassets */ = {isa = PBXFileReference; lastKnownFileType = folder.assetcatalog; path = Assets.xcassets; sourceTree = "<group>"; };
		22D7F8D924272DA100F303F6 /* Base */ = {isa = PBXFileReference; lastKnownFileType = file.storyboard; name = Base; path = Base.lproj/LaunchScreen.storyboard; sourceTree = "<group>"; };
		22D7F8DB24272DA100F303F6 /* Info.plist */ = {isa = PBXFileReference; lastKnownFileType = text.plist.xml; path = Info.plist; sourceTree = "<group>"; };
		22D7F8E024272DA100F303F6 /* Banana NotesTests.xctest */ = {isa = PBXFileReference; explicitFileType = wrapper.cfbundle; includeInIndex = 0; path = "Banana NotesTests.xctest"; sourceTree = BUILT_PRODUCTS_DIR; };
		22D7F8E424272DA100F303F6 /* Banana_NotesTests.swift */ = {isa = PBXFileReference; lastKnownFileType = sourcecode.swift; path = Banana_NotesTests.swift; sourceTree = "<group>"; };
		22D7F8E624272DA100F303F6 /* Info.plist */ = {isa = PBXFileReference; lastKnownFileType = text.plist.xml; path = Info.plist; sourceTree = "<group>"; };
		22D7F8EB24272DA100F303F6 /* Banana NotesUITests.xctest */ = {isa = PBXFileReference; explicitFileType = wrapper.cfbundle; includeInIndex = 0; path = "Banana NotesUITests.xctest"; sourceTree = BUILT_PRODUCTS_DIR; };
		22D7F8EF24272DA200F303F6 /* Banana_NotesUITests.swift */ = {isa = PBXFileReference; lastKnownFileType = sourcecode.swift; path = Banana_NotesUITests.swift; sourceTree = "<group>"; };
		22D7F8F124272DA200F303F6 /* Info.plist */ = {isa = PBXFileReference; lastKnownFileType = text.plist.xml; path = Info.plist; sourceTree = "<group>"; };
		22D7F8FD24274CFD00F303F6 /* Login.storyboard */ = {isa = PBXFileReference; lastKnownFileType = file.storyboard; path = Login.storyboard; sourceTree = "<group>"; };
/* End PBXFileReference section */

/* Begin PBXFrameworksBuildPhase section */
		22D7F8C724272D9E00F303F6 /* Frameworks */ = {
			isa = PBXFrameworksBuildPhase;
			buildActionMask = 2147483647;
			files = (
			);
			runOnlyForDeploymentPostprocessing = 0;
		};
		22D7F8DD24272DA100F303F6 /* Frameworks */ = {
			isa = PBXFrameworksBuildPhase;
			buildActionMask = 2147483647;
			files = (
			);
			runOnlyForDeploymentPostprocessing = 0;
		};
		22D7F8E824272DA100F303F6 /* Frameworks */ = {
			isa = PBXFrameworksBuildPhase;
			buildActionMask = 2147483647;
			files = (
			);
			runOnlyForDeploymentPostprocessing = 0;
		};
/* End PBXFrameworksBuildPhase section */

/* Begin PBXGroup section */
		22D7F8C124272D9E00F303F6 = {
			isa = PBXGroup;
			children = (
				22D7F8CC24272D9E00F303F6 /* Banana Notes */,
				22D7F8E324272DA100F303F6 /* Banana NotesTests */,
				22D7F8EE24272DA100F303F6 /* Banana NotesUITests */,
				22D7F8CB24272D9E00F303F6 /* Products */,
			);
			sourceTree = "<group>";
		};
		22D7F8CB24272D9E00F303F6 /* Products */ = {
			isa = PBXGroup;
			children = (
				22D7F8CA24272D9E00F303F6 /* Banana Notes.app */,
				22D7F8E024272DA100F303F6 /* Banana NotesTests.xctest */,
				22D7F8EB24272DA100F303F6 /* Banana NotesUITests.xctest */,
			);
			name = Products;
			sourceTree = "<group>";
		};
		22D7F8CC24272D9E00F303F6 /* Banana Notes */ = {
			isa = PBXGroup;
			children = (
				22D7F8CD24272D9E00F303F6 /* AppDelegate.swift */,
				22D7F8CF24272D9E00F303F6 /* SceneDelegate.swift */,
				22D7F8D124272D9E00F303F6 /* ViewController.swift */,
				22D7F8D324272D9E00F303F6 /* Main.storyboard */,
				22D7F8D624272DA100F303F6 /* Assets.xcassets */,
				22D7F8D824272DA100F303F6 /* LaunchScreen.storyboard */,
				22D7F8DB24272DA100F303F6 /* Info.plist */,
				22D7F8FD24274CFD00F303F6 /* Login.storyboard */,
			);
			path = "Banana Notes";
			sourceTree = "<group>";
		};
		22D7F8E324272DA100F303F6 /* Banana NotesTests */ = {
			isa = PBXGroup;
			children = (
				22D7F8E424272DA100F303F6 /* Banana_NotesTests.swift */,
				22D7F8E624272DA100F303F6 /* Info.plist */,
			);
			path = "Banana NotesTests";
			sourceTree = "<group>";
		};
		22D7F8EE24272DA100F303F6 /* Banana NotesUITests */ = {
			isa = PBXGroup;
			children = (
				22D7F8EF24272DA200F303F6 /* Banana_NotesUITests.swift */,
				22D7F8F124272DA200F303F6 /* Info.plist */,
			);
			path = "Banana NotesUITests";
			sourceTree = "<group>";
		};
/* End PBXGroup section */

/* Begin PBXNativeTarget section */
		22D7F8C924272D9E00F303F6 /* Banana Notes */ = {
			isa = PBXNativeTarget;
			buildConfigurationList = 22D7F8F424272DA200F303F6 /* Build configuration list for PBXNativeTarget "Banana Notes" */;
			buildPhases = (
				22D7F8C624272D9E00F303F6 /* Sources */,
				22D7F8C724272D9E00F303F6 /* Frameworks */,
				22D7F8C824272D9E00F303F6 /* Resources */,
			);
			buildRules = (
			);
			dependencies = (
			);
			name = "Banana Notes";
			productName = "Banana Notes";
			productReference = 22D7F8CA24272D9E00F303F6 /* Banana Notes.app */;
			productType = "com.apple.product-type.application";
		};
		22D7F8DF24272DA100F303F6 /* Banana NotesTests */ = {
			isa = PBXNativeTarget;
			buildConfigurationList = 22D7F8F724272DA200F303F6 /* Build configuration list for PBXNativeTarget "Banana NotesTests" */;
			buildPhases = (
				22D7F8DC24272DA100F303F6 /* Sources */,
				22D7F8DD24272DA100F303F6 /* Frameworks */,
				22D7F8DE24272DA100F303F6 /* Resources */,
			);
			buildRules = (
			);
			dependencies = (
				22D7F8E224272DA100F303F6 /* PBXTargetDependency */,
			);
			name = "Banana NotesTests";
			productName = "Banana NotesTests";
			productReference = 22D7F8E024272DA100F303F6 /* Banana NotesTests.xctest */;
			productType = "com.apple.product-type.bundle.unit-test";
		};
		22D7F8EA24272DA100F303F6 /* Banana NotesUITests */ = {
			isa = PBXNativeTarget;
			buildConfigurationList = 22D7F8FA24272DA200F303F6 /* Build configuration list for PBXNativeTarget "Banana NotesUITests" */;
			buildPhases = (
				22D7F8E724272DA100F303F6 /* Sources */,
				22D7F8E824272DA100F303F6 /* Frameworks */,
				22D7F8E924272DA100F303F6 /* Resources */,
			);
			buildRules = (
			);
			dependencies = (
				22D7F8ED24272DA100F303F6 /* PBXTargetDependency */,
			);
			name = "Banana NotesUITests";
			productName = "Banana NotesUITests";
			productReference = 22D7F8EB24272DA100F303F6 /* Banana NotesUITests.xctest */;
			productType = "com.apple.product-type.bundle.ui-testing";
		};
/* End PBXNativeTarget section */

/* Begin PBXProject section */
		22D7F8C224272D9E00F303F6 /* Project object */ = {
			isa = PBXProject;
			attributes = {
				LastSwiftUpdateCheck = 1130;
				LastUpgradeCheck = 1130;
				ORGANIZATIONNAME = "Shah Samiur Rahman";
				TargetAttributes = {
					22D7F8C924272D9E00F303F6 = {
						CreatedOnToolsVersion = 11.3;
					};
					22D7F8DF24272DA100F303F6 = {
						CreatedOnToolsVersion = 11.3;
						TestTargetID = 22D7F8C924272D9E00F303F6;
					};
					22D7F8EA24272DA100F303F6 = {
						CreatedOnToolsVersion = 11.3;
						TestTargetID = 22D7F8C924272D9E00F303F6;
					};
				};
			};
			buildConfigurationList = 22D7F8C524272D9E00F303F6 /* Build configuration list for PBXProject "Banana Notes" */;
			compatibilityVersion = "Xcode 9.3";
			developmentRegion = en;
			hasScannedForEncodings = 0;
			knownRegions = (
				en,
				Base,
			);
			mainGroup = 22D7F8C124272D9E00F303F6;
			productRefGroup = 22D7F8CB24272D9E00F303F6 /* Products */;
			projectDirPath = "";
			projectRoot = "";
			targets = (
				22D7F8C924272D9E00F303F6 /* Banana Notes */,
				22D7F8DF24272DA100F303F6 /* Banana NotesTests */,
				22D7F8EA24272DA100F303F6 /* Banana NotesUITests */,
			);
		};
/* End PBXProject section */

/* Begin PBXResourcesBuildPhase section */
		22D7F8C824272D9E00F303F6 /* Resources */ = {
			isa = PBXResourcesBuildPhase;
			buildActionMask = 2147483647;
			files = (
				22D7F8FE24274CFD00F303F6 /* Login.storyboard in Resources */,
				22D7F8DA24272DA100F303F6 /* LaunchScreen.storyboard in Resources */,
				22D7F8D724272DA100F303F6 /* Assets.xcassets in Resources */,
				22D7F8D524272D9E00F303F6 /* Main.storyboard in Resources */,
			);
			runOnlyForDeploymentPostprocessing = 0;
		};
		22D7F8DE24272DA100F303F6 /* Resources */ = {
			isa = PBXResourcesBuildPhase;
			buildActionMask = 2147483647;
			files = (
			);
			runOnlyForDeploymentPostprocessing = 0;
		};
		22D7F8E924272DA100F303F6 /* Resources */ = {
			isa = PBXResourcesBuildPhase;
			buildActionMask = 2147483647;
			files = (
			);
			runOnlyForDeploymentPostprocessing = 0;
		};
/* End PBXResourcesBuildPhase section */

/* Begin PBXSourcesBuildPhase section */
		22D7F8C624272D9E00F303F6 /* Sources */ = {
			isa = PBXSourcesBuildPhase;
			buildActionMask = 2147483647;
			files = (
				22D7F8D224272D9E00F303F6 /* ViewController.swift in Sources */,
				22D7F8CE24272D9E00F303F6 /* AppDelegate.swift in Sources */,
				22D7F8D024272D9E00F303F6 /* SceneDelegate.swift in Sources */,
			);
			runOnlyForDeploymentPostprocessing = 0;
		};
		22D7F8DC24272DA100F303F6 /* Sources */ = {
			isa = PBXSourcesBuildPhase;
			buildActionMask = 2147483647;
			files = (
				22D7F8E524272DA100F303F6 /* Banana_NotesTests.swift in Sources */,
			);
			runOnlyForDeploymentPostprocessing = 0;
		};
		22D7F8E724272DA100F303F6 /* Sources */ = {
			isa = PBXSourcesBuildPhase;
			buildActionMask = 2147483647;
			files = (
				22D7F8F024272DA200F303F6 /* Banana_NotesUITests.swift in Sources */,
			);
			runOnlyForDeploymentPostprocessing = 0;
		};
/* End PBXSourcesBuildPhase section */

/* Begin PBXTargetDependency section */
		22D7F8E224272DA100F303F6 /* PBXTargetDependency */ = {
			isa = PBXTargetDependency;
			target = 22D7F8C924272D9E00F303F6 /* Banana Notes */;
			targetProxy = 22D7F8E124272DA100F303F6 /* PBXContainerItemProxy */;
		};
		22D7F8ED24272DA100F303F6 /* PBXTargetDependency */ = {
			isa = PBXTargetDependency;
			target = 22D7F8C924272D9E00F303F6 /* Banana Notes */;
			targetProxy = 22D7F8EC24272DA100F303F6 /* PBXContainerItemProxy */;
		};
/* End PBXTargetDependency section */

/* Begin PBXVariantGroup section */
		22D7F8D324272D9E00F303F6 /* Main.storyboard */ = {
			isa = PBXVariantGroup;
			children = (
				22D7F8D424272D9E00F303F6 /* Base */,
			);
			name = Main.storyboard;
			sourceTree = "<group>";
		};
		22D7F8D824272DA100F303F6 /* LaunchScreen.storyboard */ = {
			isa = PBXVariantGroup;
			children = (
				22D7F8D924272DA100F303F6 /* Base */,
			);
			name = LaunchScreen.storyboard;
			sourceTree = "<group>";
		};
/* End PBXVariantGroup section */

/* Begin XCBuildConfiguration section */
		22D7F8F224272DA200F303F6 /* Debug */ = {
			isa = XCBuildConfiguration;
			buildSettings = {
				ALWAYS_SEARCH_USER_PATHS = NO;
				CLANG_ANALYZER_NONNULL = YES;
				CLANG_ANALYZER_NUMBER_OBJECT_CONVERSION = YES_AGGRESSIVE;
				CLANG_CXX_LANGUAGE_STANDARD = "gnu++14";
				CLANG_CXX_LIBRARY = "libc++";
				CLANG_ENABLE_MODULES = YES;
				CLANG_ENABLE_OBJC_ARC = YES;
				CLANG_ENABLE_OBJC_WEAK = YES;
				CLANG_WARN_BLOCK_CAPTURE_AUTORELEASING = YES;
				CLANG_WARN_BOOL_CONVERSION = YES;
				CLANG_WARN_COMMA = YES;
				CLANG_WARN_CONSTANT_CONVERSION = YES;
				CLANG_WARN_DEPRECATED_OBJC_IMPLEMENTATIONS = YES;
				CLANG_WARN_DIRECT_OBJC_ISA_USAGE = YES_ERROR;
				CLANG_WARN_DOCUMENTATION_COMMENTS = YES;
				CLANG_WARN_EMPTY_BODY = YES;
				CLANG_WARN_ENUM_CONVERSION = YES;
				CLANG_WARN_INFINITE_RECURSION = YES;
				CLANG_WARN_INT_CONVERSION = YES;
				CLANG_WARN_NON_LITERAL_NULL_CONVERSION = YES;
				CLANG_WARN_OBJC_IMPLICIT_RETAIN_SELF = YES;
				CLANG_WARN_OBJC_LITERAL_CONVERSION = YES;
				CLANG_WARN_OBJC_ROOT_CLASS = YES_ERROR;
				CLANG_WARN_RANGE_LOOP_ANALYSIS = YES;
				CLANG_WARN_STRICT_PROTOTYPES = YES;
				CLANG_WARN_SUSPICIOUS_MOVE = YES;
				CLANG_WARN_UNGUARDED_AVAILABILITY = YES_AGGRESSIVE;
				CLANG_WARN_UNREACHABLE_CODE = YES;
				CLANG_WARN__DUPLICATE_METHOD_MATCH = YES;
				COPY_PHASE_STRIP = NO;
				DEBUG_INFORMATION_FORMAT = dwarf;
				ENABLE_STRICT_OBJC_MSGSEND = YES;
				ENABLE_TESTABILITY = YES;
				GCC_C_LANGUAGE_STANDARD = gnu11;
				GCC_DYNAMIC_NO_PIC = NO;
				GCC_NO_COMMON_BLOCKS = YES;
				GCC_OPTIMIZATION_LEVEL = 0;
				GCC_PREPROCESSOR_DEFINITIONS = (
					"DEBUG=1",
					"$(inherited)",
				);
				GCC_WARN_64_TO_32_BIT_CONVERSION = YES;
				GCC_WARN_ABOUT_RETURN_TYPE = YES_ERROR;
				GCC_WARN_UNDECLARED_SELECTOR = YES;
				GCC_WARN_UNINITIALIZED_AUTOS = YES_AGGRESSIVE;
				GCC_WARN_UNUSED_FUNCTION = YES;
				GCC_WARN_UNUSED_VARIABLE = YES;
				IPHONEOS_DEPLOYMENT_TARGET = 13.2;
				MTL_ENABLE_DEBUG_INFO = INCLUDE_SOURCE;
				MTL_FAST_MATH = YES;
				ONLY_ACTIVE_ARCH = YES;
				SDKROOT = iphoneos;
				SWIFT_ACTIVE_COMPILATION_CONDITIONS = DEBUG;
				SWIFT_OPTIMIZATION_LEVEL = "-Onone";
			};
			name = Debug;
		};
		22D7F8F324272DA200F303F6 /* Release */ = {
			isa = XCBuildConfiguration;
			buildSettings = {
				ALWAYS_SEARCH_USER_PATHS = NO;
				CLANG_ANALYZER_NONNULL = YES;
				CLANG_ANALYZER_NUMBER_OBJECT_CONVERSION = YES_AGGRESSIVE;
				CLANG_CXX_LANGUAGE_STANDARD = "gnu++14";
				CLANG_CXX_LIBRARY = "libc++";
				CLANG_ENABLE_MODULES = YES;
				CLANG_ENABLE_OBJC_ARC = YES;
				CLANG_ENABLE_OBJC_WEAK = YES;
				CLANG_WARN_BLOCK_CAPTURE_AUTORELEASING = YES;
				CLANG_WARN_BOOL_CONVERSION = YES;
				CLANG_WARN_COMMA = YES;
				CLANG_WARN_CONSTANT_CONVERSION = YES;
				CLANG_WARN_DEPRECATED_OBJC_IMPLEMENTATIONS = YES;
				CLANG_WARN_DIRECT_OBJC_ISA_USAGE = YES_ERROR;
				CLANG_WARN_DOCUMENTATION_COMMENTS = YES;
				CLANG_WARN_EMPTY_BODY = YES;
				CLANG_WARN_ENUM_CONVERSION = YES;
				CLANG_WARN_INFINITE_RECURSION = YES;
				CLANG_WARN_INT_CONVERSION = YES;
				CLANG_WARN_NON_LITERAL_NULL_CONVERSION = YES;
				CLANG_WARN_OBJC_IMPLICIT_RETAIN_SELF = YES;
				CLANG_WARN_OBJC_LITERAL_CONVERSION = YES;
				CLANG_WARN_OBJC_ROOT_CLASS = YES_ERROR;
				CLANG_WARN_RANGE_LOOP_ANALYSIS = YES;
				CLANG_WARN_STRICT_PROTOTYPES = YES;
				CLANG_WARN_SUSPICIOUS_MOVE = YES;
				CLANG_WARN_UNGUARDED_AVAILABILITY = YES_AGGRESSIVE;
				CLANG_WARN_UNREACHABLE_CODE = YES;
				CLANG_WARN__DUPLICATE_METHOD_MATCH = YES;
				COPY_PHASE_STRIP = NO;
				DEBUG_INFORMATION_FORMAT = "dwarf-with-dsym";
				ENABLE_NS_ASSERTIONS = NO;
				ENABLE_STRICT_OBJC_MSGSEND = YES;
				GCC_C_LANGUAGE_STANDARD = gnu11;
				GCC_NO_COMMON_BLOCKS = YES;
				GCC_WARN_64_TO_32_BIT_CONVERSION = YES;
				GCC_WARN_ABOUT_RETURN_TYPE = YES_ERROR;
				GCC_WARN_UNDECLARED_SELECTOR = YES;
				GCC_WARN_UNINITIALIZED_AUTOS = YES_AGGRESSIVE;
				GCC_WARN_UNUSED_FUNCTION = YES;
				GCC_WARN_UNUSED_VARIABLE = YES;
				IPHONEOS_DEPLOYMENT_TARGET = 13.2;
				MTL_ENABLE_DEBUG_INFO = NO;
				MTL_FAST_MATH = YES;
				SDKROOT = iphoneos;
				SWIFT_COMPILATION_MODE = wholemodule;
				SWIFT_OPTIMIZATION_LEVEL = "-O";
				VALIDATE_PRODUCT = YES;
			};
			name = Release;
		};
		22D7F8F524272DA200F303F6 /* Debug */ = {
			isa = XCBuildConfiguration;
			buildSettings = {
				ASSETCATALOG_COMPILER_APPICON_NAME = AppIcon;
				CODE_SIGN_STYLE = Automatic;
				INFOPLIST_FILE = "Banana Notes/Info.plist";
				LD_RUNPATH_SEARCH_PATHS = (
					"$(inherited)",
					"@executable_path/Frameworks",
				);
				PRODUCT_BUNDLE_IDENTIFIER = "com.Banana-Notes";
				PRODUCT_NAME = "$(TARGET_NAME)";
				SWIFT_VERSION = 5.0;
				TARGETED_DEVICE_FAMILY = "1,2";
			};
			name = Debug;
		};
		22D7F8F624272DA200F303F6 /* Release */ = {
			isa = XCBuildConfiguration;
			buildSettings = {
				ASSETCATALOG_COMPILER_APPICON_NAME = AppIcon;
				CODE_SIGN_STYLE = Automatic;
				INFOPLIST_FILE = "Banana Notes/Info.plist";
				LD_RUNPATH_SEARCH_PATHS = (
					"$(inherited)",
					"@executable_path/Frameworks",
				);
				PRODUCT_BUNDLE_IDENTIFIER = "com.Banana-Notes";
				PRODUCT_NAME = "$(TARGET_NAME)";
				SWIFT_VERSION = 5.0;
				TARGETED_DEVICE_FAMILY = "1,2";
			};
			name = Release;
		};
		22D7F8F824272DA200F303F6 /* Debug */ = {
			isa = XCBuildConfiguration;
			buildSettings = {
				ALWAYS_EMBED_SWIFT_STANDARD_LIBRARIES = YES;
				BUNDLE_LOADER = "$(TEST_HOST)";
				CODE_SIGN_STYLE = Automatic;
				INFOPLIST_FILE = "Banana NotesTests/Info.plist";
				IPHONEOS_DEPLOYMENT_TARGET = 13.2;
				LD_RUNPATH_SEARCH_PATHS = (
					"$(inherited)",
					"@executable_path/Frameworks",
					"@loader_path/Frameworks",
				);
				PRODUCT_BUNDLE_IDENTIFIER = "com.Banana-NotesTests";
				PRODUCT_NAME = "$(TARGET_NAME)";
				SWIFT_VERSION = 5.0;
				TARGETED_DEVICE_FAMILY = "1,2";
				TEST_HOST = "$(BUILT_PRODUCTS_DIR)/Banana Notes.app/Banana Notes";
			};
			name = Debug;
		};
		22D7F8F924272DA200F303F6 /* Release */ = {
			isa = XCBuildConfiguration;
			buildSettings = {
				ALWAYS_EMBED_SWIFT_STANDARD_LIBRARIES = YES;
				BUNDLE_LOADER = "$(TEST_HOST)";
				CODE_SIGN_STYLE = Automatic;
				INFOPLIST_FILE = "Banana NotesTests/Info.plist";
				IPHONEOS_DEPLOYMENT_TARGET = 13.2;
				LD_RUNPATH_SEARCH_PATHS = (
					"$(inherited)",
					"@executable_path/Frameworks",
					"@loader_path/Frameworks",
				);
				PRODUCT_BUNDLE_IDENTIFIER = "com.Banana-NotesTests";
				PRODUCT_NAME = "$(TARGET_NAME)";
				SWIFT_VERSION = 5.0;
				TARGETED_DEVICE_FAMILY = "1,2";
				TEST_HOST = "$(BUILT_PRODUCTS_DIR)/Banana Notes.app/Banana Notes";
			};
			name = Release;
		};
		22D7F8FB24272DA200F303F6 /* Debug */ = {
			isa = XCBuildConfiguration;
			buildSettings = {
				ALWAYS_EMBED_SWIFT_STANDARD_LIBRARIES = YES;
				CODE_SIGN_STYLE = Automatic;
				INFOPLIST_FILE = "Banana NotesUITests/Info.plist";
				LD_RUNPATH_SEARCH_PATHS = (
					"$(inherited)",
					"@executable_path/Frameworks",
					"@loader_path/Frameworks",
				);
				PRODUCT_BUNDLE_IDENTIFIER = "com.Banana-NotesUITests";
				PRODUCT_NAME = "$(TARGET_NAME)";
				SWIFT_VERSION = 5.0;
				TARGETED_DEVICE_FAMILY = "1,2";
				TEST_TARGET_NAME = "Banana Notes";
			};
			name = Debug;
		};
		22D7F8FC24272DA200F303F6 /* Release */ = {
			isa = XCBuildConfiguration;
			buildSettings = {
				ALWAYS_EMBED_SWIFT_STANDARD_LIBRARIES = YES;
				CODE_SIGN_STYLE = Automatic;
				INFOPLIST_FILE = "Banana NotesUITests/Info.plist";
				LD_RUNPATH_SEARCH_PATHS = (
					"$(inherited)",
					"@executable_path/Frameworks",
					"@loader_path/Frameworks",
				);
				PRODUCT_BUNDLE_IDENTIFIER = "com.Banana-NotesUITests";
				PRODUCT_NAME = "$(TARGET_NAME)";
				SWIFT_VERSION = 5.0;
				TARGETED_DEVICE_FAMILY = "1,2";
				TEST_TARGET_NAME = "Banana Notes";
			};
			name = Release;
		};
/* End XCBuildConfiguration section */

/* Begin XCConfigurationList section */
		22D7F8C524272D9E00F303F6 /* Build configuration list for PBXProject "Banana Notes" */ = {
			isa = XCConfigurationList;
			buildConfigurations = (
				22D7F8F224272DA200F303F6 /* Debug */,
				22D7F8F324272DA200F303F6 /* Release */,
			);
			defaultConfigurationIsVisible = 0;
			defaultConfigurationName = Release;
		};
		22D7F8F424272DA200F303F6 /* Build configuration list for PBXNativeTarget "Banana Notes" */ = {
			isa = XCConfigurationList;
			buildConfigurations = (
				22D7F8F524272DA200F303F6 /* Debug */,
				22D7F8F624272DA200F303F6 /* Release */,
			);
			defaultConfigurationIsVisible = 0;
			defaultConfigurationName = Release;
		};
		22D7F8F724272DA200F303F6 /* Build configuration list for PBXNativeTarget "Banana NotesTests" */ = {
			isa = XCConfigurationList;
			buildConfigurations = (
				22D7F8F824272DA200F303F6 /* Debug */,
				22D7F8F924272DA200F303F6 /* Release */,
			);
			defaultConfigurationIsVisible = 0;
			defaultConfigurationName = Release;
		};
		22D7F8FA24272DA200F303F6 /* Build configuration list for PBXNativeTarget "Banana NotesUITests" */ = {
			isa = XCConfigurationList;
			buildConfigurations = (
				22D7F8FB24272DA200F303F6 /* Debug */,
				22D7F8FC24272DA200F303F6 /* Release */,
			);
			defaultConfigurationIsVisible = 0;
			defaultConfigurationName = Release;
		};
/* End XCConfigurationList section */
	};
	rootObject = 22D7F8C224272D9E00F303F6 /* Project object */;
}
